
Microsoft Visual Studio Solution File, Format Version 12.00
# Visual Studio 2015
Project("{FAE04EC0-301F-11D3-BF4B-00C04F79EFBC}") = "BattleShips", "BattleShips.csproj", "{C1F691E2-691F-44F6-2B9C-4C9811DEA6E0}"
EndProject
Project("{FAE04EC0-301F-11D3-BF4B-00C04F79EFBC}") = "BattleShips.Plugins", "BattleShips.Plugins.csproj", "{93D45B02-E7F7-1C07-A56B-8D12D584A5DA}"
EndProject
Project("{FAE04EC0-301F-11D3-BF4B-00C04F79EFBC}") = "BattleShips.Editor.Plugins", "BattleShips.Editor.Plugins.csproj", "{AFC2C327-D0F8-D2DD-52A0-42DD515D633A}"
EndProject
Global
	GlobalSection(SolutionConfigurationPlatforms) = preSolution
		Debug|Any CPU = Debug|Any CPU
		Release|Any CPU = Release|Any CPU
	EndGlobalSection
	GlobalSection(ProjectConfigurationPlatforms) = postSolution
		{C1F691E2-691F-44F6-2B9C-4C9811DEA6E0}.Debug|Any CPU.ActiveCfg = Debug|Any CPU
		{C1F691E2-691F-44F6-2B9C-4C9811DEA6E0}.Debug|Any CPU.Build.0 = Debug|Any CPU
		{C1F691E2-691F-44F6-2B9C-4C9811DEA6E0}.Release|Any CPU.ActiveCfg = Release|Any CPU
		{C1F691E2-691F-44F6-2B9C-4C9811DEA6E0}.Release|Any CPU.Build.0 = Release|Any CPU
		{93D45B02-E7F7-1C07-A56B-8D12D584A5DA}.Debug|Any CPU.ActiveCfg = Debug|Any CPU
		{93D45B02-E7F7-1C07-A56B-8D12D584A5DA}.Debug|Any CPU.Build.0 = Debug|Any CPU
		{93D45B02-E7F7-1C07-A56B-8D12D584A5DA}.Release|Any CPU.ActiveCfg = Release|Any CPU
		{93D45B02-E7F7-1C07-A56B-8D12D584A5DA}.Release|Any CPU.Build.0 = Release|Any CPU
		{AFC2C327-D0F8-D2DD-52A0-42DD515D633A}.Debug|Any CPU.ActiveCfg = Debug|Any CPU
		{AFC2C327-D0F8-D2DD-52A0-42DD515D633A}.Debug|Any CPU.Build.0 = Debug|Any CPU
		{AFC2C327-D0F8-D2DD-52A0-42DD515D633A}.Release|Any CPU.ActiveCfg = Release|Any CPU
		{AFC2C327-D0F8-D2DD-52A0-42DD515D633A}.Release|Any CPU.Build.0 = Release|Any CPU
	EndGlobalSection
	GlobalSection(SolutionProperties) = preSolution
		HideSolutionNode = FALSE
	EndGlobalSection
EndGlobal
